
Microsoft Visual Studio Solution File, Format Version 12.00
# Visual Studio 14
VisualStudioVersion = 14.0.24720.0
MinimumVisualStudioVersion = 10.0.40219.1
Project("{FAE04EC0-301F-11D3-BF4B-00C04F79EFBC}") = "SyncfusionSample", "SyncfusionSample\SyncfusionSample\SyncfusionSample.csproj", "{AF017DFB-76A2-445E-8CC4-7770A898CA4A}"
EndProject
Project("{FAE04EC0-301F-11D3-BF4B-00C04F79EFBC}") = "SyncfusionSample.Droid", "SyncfusionSample\SyncfusionSample.Droid\SyncfusionSample.Droid.csproj", "{1317B233-F8C5-4B35-88B2-A45E8E0D0234}"
EndProject
Project("{FAE04EC0-301F-11D3-BF4B-00C04F79EFBC}") = "SyncfusionSample.iOS", "SyncfusionSample\SyncfusionSample.iOS\SyncfusionSample.iOS.csproj", "{5BCB5BB5-3058-4B64-9BF8-72A4A6097235}"
EndProject
Project("{FAE04EC0-301F-11D3-BF4B-00C04F79EFBC}") = "SyncfusionSample.UWP", "SyncfusionSample\SyncfusionSample.UWP\SyncfusionSample.UWP.csproj", "{6B2FDA2C-A4C8-463D-A2B4-0CB06018C0E5}"
EndProject
Global
	GlobalSection(SolutionConfigurationPlatforms) = preSolution
		Ad-Hoc|Any CPU = Ad-Hoc|Any CPU
		Ad-Hoc|ARM = Ad-Hoc|ARM
		Ad-Hoc|iPhone = Ad-Hoc|iPhone
		Ad-Hoc|iPhoneSimulator = Ad-Hoc|iPhoneSimulator
		Ad-Hoc|x64 = Ad-Hoc|x64
		Ad-Hoc|x86 = Ad-Hoc|x86
		AppStore|Any CPU = AppStore|Any CPU
		AppStore|ARM = AppStore|ARM
		AppStore|iPhone = AppStore|iPhone
		AppStore|iPhoneSimulator = AppStore|iPhoneSimulator
		AppStore|x64 = AppStore|x64
		AppStore|x86 = AppStore|x86
		Debug|Any CPU = Debug|Any CPU
		Debug|ARM = Debug|ARM
		Debug|iPhone = Debug|iPhone
		Debug|iPhoneSimulator = Debug|iPhoneSimulator
		Debug|x64 = Debug|x64
		Debug|x86 = Debug|x86
		Release|Any CPU = Release|Any CPU
		Release|ARM = Release|ARM
		Release|iPhone = Release|iPhone
		Release|iPhoneSimulator = Release|iPhoneSimulator
		Release|x64 = Release|x64
		Release|x86 = Release|x86
	EndGlobalSection
	GlobalSection(ProjectConfigurationPlatforms) = postSolution
		{AF017DFB-76A2-445E-8CC4-7770A898CA4A}.Ad-Hoc|Any CPU.ActiveCfg = Release|Any CPU
		{AF017DFB-76A2-445E-8CC4-7770A898CA4A}.Ad-Hoc|Any CPU.Build.0 = Release|Any CPU
		{AF017DFB-76A2-445E-8CC4-7770A898CA4A}.Ad-Hoc|ARM.ActiveCfg = Release|Any CPU
		{AF017DFB-76A2-445E-8CC4-7770A898CA4A}.Ad-Hoc|ARM.Build.0 = Release|Any CPU
		{AF017DFB-76A2-445E-8CC4-7770A898CA4A}.Ad-Hoc|iPhone.ActiveCfg = Release|Any CPU
		{AF017DFB-76A2-445E-8CC4-7770A898CA4A}.Ad-Hoc|iPhone.Build.0 = Release|Any CPU
		{AF017DFB-76A2-445E-8CC4-7770A898CA4A}.Ad-Hoc|iPhoneSimulator.ActiveCfg = Release|Any CPU
		{AF017DFB-76A2-445E-8CC4-7770A898CA4A}.Ad-Hoc|iPhoneSimulator.Build.0 = Release|Any CPU
		{AF017DFB-76A2-445E-8CC4-7770A898CA4A}.Ad-Hoc|x64.ActiveCfg = Release|Any CPU
		{AF017DFB-76A2-445E-8CC4-7770A898CA4A}.Ad-Hoc|x64.Build.0 = Release|Any CPU
		{AF017DFB-76A2-445E-8CC4-7770A898CA4A}.Ad-Hoc|x86.ActiveCfg = Release|Any CPU
		{AF017DFB-76A2-445E-8CC4-7770A898CA4A}.Ad-Hoc|x86.Build.0 = Release|Any CPU
		{AF017DFB-76A2-445E-8CC4-7770A898CA4A}.AppStore|Any CPU.ActiveCfg = Release|Any CPU
		{AF017DFB-76A2-445E-8CC4-7770A898CA4A}.AppStore|Any CPU.Build.0 = Release|Any CPU
		{AF017DFB-76A2-445E-8CC4-7770A898CA4A}.AppStore|ARM.ActiveCfg = Release|Any CPU
		{AF017DFB-76A2-445E-8CC4-7770A898CA4A}.AppStore|ARM.Build.0 = Release|Any CPU
		{AF017DFB-76A2-445E-8CC4-7770A898CA4A}.AppStore|iPhone.ActiveCfg = Release|Any CPU
		{AF017DFB-76A2-445E-8CC4-7770A898CA4A}.AppStore|iPhone.Build.0 = Release|Any CPU
		{AF017DFB-76A2-445E-8CC4-7770A898CA4A}.AppStore|iPhoneSimulator.ActiveCfg = Release|Any CPU
		{AF017DFB-76A2-445E-8CC4-7770A898CA4A}.AppStore|iPhoneSimulator.Build.0 = Release|Any CPU
		{AF017DFB-76A2-445E-8CC4-7770A898CA4A}.AppStore|x64.ActiveCfg = Release|Any CPU
		{AF017DFB-76A2-445E-8CC4-7770A898CA4A}.AppStore|x64.Build.0 = Release|Any CPU
		{AF017DFB-76A2-445E-8CC4-7770A898CA4A}.AppStore|x86.ActiveCfg = Release|Any CPU
		{AF017DFB-76A2-445E-8CC4-7770A898CA4A}.AppStore|x86.Build.0 = Release|Any CPU
		{AF017DFB-76A2-445E-8CC4-7770A898CA4A}.Debug|Any CPU.ActiveCfg = Debug|Any CPU
		{AF017DFB-76A2-445E-8CC4-7770A898CA4A}.Debug|Any CPU.Build.0 = Debug|Any CPU
		{AF017DFB-76A2-445E-8CC4-7770A898CA4A}.Debug|ARM.ActiveCfg = Debug|Any CPU
		{AF017DFB-76A2-445E-8CC4-7770A898CA4A}.Debug|ARM.Build.0 = Debug|Any CPU
		{AF017DFB-76A2-445E-8CC4-7770A898CA4A}.Debug|iPhone.ActiveCfg = Debug|Any CPU
		{AF017DFB-76A2-445E-8CC4-7770A898CA4A}.Debug|iPhone.Build.0 = Debug|Any CPU
		{AF017DFB-76A2-445E-8CC4-7770A898CA4A}.Debug|iPhoneSimulator.ActiveCfg = Debug|Any CPU
		{AF017DFB-76A2-445E-8CC4-7770A898CA4A}.Debug|iPhoneSimulator.Build.0 = Debug|Any CPU
		{AF017DFB-76A2-445E-8CC4-7770A898CA4A}.Debug|x64.ActiveCfg = Debug|Any CPU
		{AF017DFB-76A2-445E-8CC4-7770A898CA4A}.Debug|x64.Build.0 = Debug|Any CPU
		{AF017DFB-76A2-445E-8CC4-7770A898CA4A}.Debug|x86.ActiveCfg = Debug|Any CPU
		{AF017DFB-76A2-445E-8CC4-7770A898CA4A}.Debug|x86.Build.0 = Debug|Any CPU
		{AF017DFB-76A2-445E-8CC4-7770A898CA4A}.Release|Any CPU.ActiveCfg = Release|Any CPU
		{AF017DFB-76A2-445E-8CC4-7770A898CA4A}.Release|Any CPU.Build.0 = Release|Any CPU
		{AF017DFB-76A2-445E-8CC4-7770A898CA4A}.Release|ARM.ActiveCfg = Release|Any CPU
		{AF017DFB-76A2-445E-8CC4-7770A898CA4A}.Release|ARM.Build.0 = Release|Any CPU
		{AF017DFB-76A2-445E-8CC4-7770A898CA4A}.Release|iPhone.ActiveCfg = Release|Any CPU
		{AF017DFB-76A2-445E-8CC4-7770A898CA4A}.Release|iPhone.Build.0 = Release|Any CPU
		{AF017DFB-76A2-445E-8CC4-7770A898CA4A}.Release|iPhoneSimulator.ActiveCfg = Release|Any CPU
		{AF017DFB-76A2-445E-8CC4-7770A898CA4A}.Release|iPhoneSimulator.Build.0 = Release|Any CPU
		{AF017DFB-76A2-445E-8CC4-7770A898CA4A}.Release|x64.ActiveCfg = Release|Any CPU
		{AF017DFB-76A2-445E-8CC4-7770A898CA4A}.Release|x64.Build.0 = Release|Any CPU
		{AF017DFB-76A2-445E-8CC4-7770A898CA4A}.Release|x86.ActiveCfg = Release|Any CPU
		{AF017DFB-76A2-445E-8CC4-7770A898CA4A}.Release|x86.Build.0 = Release|Any CPU
		{1317B233-F8C5-4B35-88B2-A45E8E0D0234}.Ad-Hoc|Any CPU.ActiveCfg = Release|Any CPU
		{1317B233-F8C5-4B35-88B2-A45E8E0D0234}.Ad-Hoc|Any CPU.Build.0 = Release|Any CPU
		{1317B233-F8C5-4B35-88B2-A45E8E0D0234}.Ad-Hoc|Any CPU.Deploy.0 = Release|Any CPU
		{1317B233-F8C5-4B35-88B2-A45E8E0D0234}.Ad-Hoc|ARM.ActiveCfg = Release|Any CPU
		{1317B233-F8C5-4B35-88B2-A45E8E0D0234}.Ad-Hoc|ARM.Build.0 = Release|Any CPU
		{1317B233-F8C5-4B35-88B2-A45E8E0D0234}.Ad-Hoc|ARM.Deploy.0 = Release|Any CPU
		{1317B233-F8C5-4B35-88B2-A45E8E0D0234}.Ad-Hoc|iPhone.ActiveCfg = Release|Any CPU
		{1317B233-F8C5-4B35-88B2-A45E8E0D0234}.Ad-Hoc|iPhone.Build.0 = Release|Any CPU
		{1317B233-F8C5-4B35-88B2-A45E8E0D0234}.Ad-Hoc|iPhone.Deploy.0 = Release|Any CPU
		{1317B233-F8C5-4B35-88B2-A45E8E0D0234}.Ad-Hoc|iPhoneSimulator.ActiveCfg = Release|Any CPU
		{1317B233-F8C5-4B35-88B2-A45E8E0D0234}.Ad-Hoc|iPhoneSimulator.Build.0 = Release|Any CPU
		{1317B233-F8C5-4B35-88B2-A45E8E0D0234}.Ad-Hoc|iPhoneSimulator.Deploy.0 = Release|Any CPU
		{1317B233-F8C5-4B35-88B2-A45E8E0D0234}.Ad-Hoc|x64.ActiveCfg = Release|Any CPU
		{1317B233-F8C5-4B35-88B2-A45E8E0D0234}.Ad-Hoc|x64.Build.0 = Release|Any CPU
		{1317B233-F8C5-4B35-88B2-A45E8E0D0234}.Ad-Hoc|x64.Deploy.0 = Release|Any CPU
		{1317B233-F8C5-4B35-88B2-A45E8E0D0234}.Ad-Hoc|x86.ActiveCfg = Release|Any CPU
		{1317B233-F8C5-4B35-88B2-A45E8E0D0234}.Ad-Hoc|x86.Build.0 = Release|Any CPU
		{1317B233-F8C5-4B35-88B2-A45E8E0D0234}.Ad-Hoc|x86.Deploy.0 = Release|Any CPU
		{1317B233-F8C5-4B35-88B2-A45E8E0D0234}.AppStore|Any CPU.ActiveCfg = Release|Any CPU
		{1317B233-F8C5-4B35-88B2-A45E8E0D0234}.AppStore|Any CPU.Build.0 = Release|Any CPU
		{1317B233-F8C5-4B35-88B2-A45E8E0D0234}.AppStore|Any CPU.Deploy.0 = Release|Any CPU
		{1317B233-F8C5-4B35-88B2-A45E8E0D0234}.AppStore|ARM.ActiveCfg = Release|Any CPU
		{1317B233-F8C5-4B35-88B2-A45E8E0D0234}.AppStore|ARM.Build.0 = Release|Any CPU
		{1317B233-F8C5-4B35-88B2-A45E8E0D0234}.AppStore|ARM.Deploy.0 = Release|Any CPU
		{1317B233-F8C5-4B35-88B2-A45E8E0D0234}.AppStore|iPhone.ActiveCfg = Release|Any CPU
		{1317B233-F8C5-4B35-88B2-A45E8E0D0234}.AppStore|iPhone.Build.0 = Release|Any CPU
		{1317B233-F8C5-4B35-88B2-A45E8E0D0234}.AppStore|iPhone.Deploy.0 = Release|Any CPU
		{1317B233-F8C5-4B35-88B2-A45E8E0D0234}.AppStore|iPhoneSimulator.ActiveCfg = Release|Any CPU
		{1317B233-F8C5-4B35-88B2-A45E8E0D0234}.AppStore|iPhoneSimulator.Build.0 = Release|Any CPU
		{1317B233-F8C5-4B35-88B2-A45E8E0D0234}.AppStore|iPhoneSimulator.Deploy.0 = Release|Any CPU
		{1317B233-F8C5-4B35-88B2-A45E8E0D0234}.AppStore|x64.ActiveCfg = Release|Any CPU
		{1317B233-F8C5-4B35-88B2-A45E8E0D0234}.AppStore|x64.Build.0 = Release|Any CPU
		{1317B233-F8C5-4B35-88B2-A45E8E0D0234}.AppStore|x64.Deploy.0 = Release|Any CPU
		{1317B233-F8C5-4B35-88B2-A45E8E0D0234}.AppStore|x86.ActiveCfg = Release|Any CPU
		{1317B233-F8C5-4B35-88B2-A45E8E0D0234}.AppStore|x86.Build.0 = Release|Any CPU
		{1317B233-F8C5-4B35-88B2-A45E8E0D0234}.AppStore|x86.Deploy.0 = Release|Any CPU
		{1317B233-F8C5-4B35-88B2-A45E8E0D0234}.Debug|Any CPU.ActiveCfg = Debug|Any CPU
		{1317B233-F8C5-4B35-88B2-A45E8E0D0234}.Debug|Any CPU.Build.0 = Debug|Any CPU
		{1317B233-F8C5-4B35-88B2-A45E8E0D0234}.Debug|Any CPU.Deploy.0 = Debug|Any CPU
		{1317B233-F8C5-4B35-88B2-A45E8E0D0234}.Debug|ARM.ActiveCfg = Debug|Any CPU
		{1317B233-F8C5-4B35-88B2-A45E8E0D0234}.Debug|ARM.Build.0 = Debug|Any CPU
		{1317B233-F8C5-4B35-88B2-A45E8E0D0234}.Debug|ARM.Deploy.0 = Debug|Any CPU
		{1317B233-F8C5-4B35-88B2-A45E8E0D0234}.Debug|iPhone.ActiveCfg = Debug|Any CPU
		{1317B233-F8C5-4B35-88B2-A45E8E0D0234}.Debug|iPhone.Build.0 = Debug|Any CPU
		{1317B233-F8C5-4B35-88B2-A45E8E0D0234}.Debug|iPhone.Deploy.0 = Debug|Any CPU
		{1317B233-F8C5-4B35-88B2-A45E8E0D0234}.Debug|iPhoneSimulator.ActiveCfg = Debug|Any CPU
		{1317B233-F8C5-4B35-88B2-A45E8E0D0234}.Debug|iPhoneSimulator.Build.0 = Debug|Any CPU
		{1317B233-F8C5-4B35-88B2-A45E8E0D0234}.Debug|iPhoneSimulator.Deploy.0 = Debug|Any CPU
		{1317B233-F8C5-4B35-88B2-A45E8E0D0234}.Debug|x64.ActiveCfg = Debug|Any CPU
		{1317B233-F8C5-4B35-88B2-A45E8E0D0234}.Debug|x64.Build.0 = Debug|Any CPU
		{1317B233-F8C5-4B35-88B2-A45E8E0D0234}.Debug|x64.Deploy.0 = Debug|Any CPU
		{1317B233-F8C5-4B35-88B2-A45E8E0D0234}.Debug|x86.ActiveCfg = Debug|Any CPU
		{1317B233-F8C5-4B35-88B2-A45E8E0D0234}.Debug|x86.Build.0 = Debug|Any CPU
		{1317B233-F8C5-4B35-88B2-A45E8E0D0234}.Debug|x86.Deploy.0 = Debug|Any CPU
		{1317B233-F8C5-4B35-88B2-A45E8E0D0234}.Release|Any CPU.ActiveCfg = Release|Any CPU
		{1317B233-F8C5-4B35-88B2-A45E8E0D0234}.Release|Any CPU.Build.0 = Release|Any CPU
		{1317B233-F8C5-4B35-88B2-A45E8E0D0234}.Release|Any CPU.Deploy.0 = Release|Any CPU
		{1317B233-F8C5-4B35-88B2-A45E8E0D0234}.Release|ARM.ActiveCfg = Release|Any CPU
		{1317B233-F8C5-4B35-88B2-A45E8E0D0234}.Release|ARM.Build.0 = Release|Any CPU
		{1317B233-F8C5-4B35-88B2-A45E8E0D0234}.Release|ARM.Deploy.0 = Release|Any CPU
		{1317B233-F8C5-4B35-88B2-A45E8E0D0234}.Release|iPhone.ActiveCfg = Release|Any CPU
		{1317B233-F8C5-4B35-88B2-A45E8E0D0234}.Release|iPhone.Build.0 = Release|Any CPU
		{1317B233-F8C5-4B35-88B2-A45E8E0D0234}.Release|iPhone.Deploy.0 = Release|Any CPU
		{1317B233-F8C5-4B35-88B2-A45E8E0D0234}.Release|iPhoneSimulator.ActiveCfg = Release|Any CPU
		{1317B233-F8C5-4B35-88B2-A45E8E0D0234}.Release|iPhoneSimulator.Build.0 = Release|Any CPU
		{1317B233-F8C5-4B35-88B2-A45E8E0D0234}.Release|iPhoneSimulator.Deploy.0 = Release|Any CPU
		{1317B233-F8C5-4B35-88B2-A45E8E0D0234}.Release|x64.ActiveCfg = Release|Any CPU
		{1317B233-F8C5-4B35-88B2-A45E8E0D0234}.Release|x64.Build.0 = Release|Any CPU
		{1317B233-F8C5-4B35-88B2-A45E8E0D0234}.Release|x64.Deploy.0 = Release|Any CPU
		{1317B233-F8C5-4B35-88B2-A45E8E0D0234}.Release|x86.ActiveCfg = Release|Any CPU
		{1317B233-F8C5-4B35-88B2-A45E8E0D0234}.Release|x86.Build.0 = Release|Any CPU
		{1317B233-F8C5-4B35-88B2-A45E8E0D0234}.Release|x86.Deploy.0 = Release|Any CPU
		{5BCB5BB5-3058-4B64-9BF8-72A4A6097235}.Ad-Hoc|Any CPU.ActiveCfg = Ad-Hoc|iPhone
		{5BCB5BB5-3058-4B64-9BF8-72A4A6097235}.Ad-Hoc|ARM.ActiveCfg = Ad-Hoc|iPhone
		{5BCB5BB5-3058-4B64-9BF8-72A4A6097235}.Ad-Hoc|iPhone.ActiveCfg = Ad-Hoc|iPhone
		{5BCB5BB5-3058-4B64-9BF8-72A4A6097235}.Ad-Hoc|iPhone.Build.0 = Ad-Hoc|iPhone
		{5BCB5BB5-3058-4B64-9BF8-72A4A6097235}.Ad-Hoc|iPhoneSimulator.ActiveCfg = Ad-Hoc|iPhoneSimulator
		{5BCB5BB5-3058-4B64-9BF8-72A4A6097235}.Ad-Hoc|iPhoneSimulator.Build.0 = Ad-Hoc|iPhoneSimulator
		{5BCB5BB5-3058-4B64-9BF8-72A4A6097235}.Ad-Hoc|x64.ActiveCfg = Ad-Hoc|iPhone
		{5BCB5BB5-3058-4B64-9BF8-72A4A6097235}.Ad-Hoc|x86.ActiveCfg = Ad-Hoc|iPhone
		{5BCB5BB5-3058-4B64-9BF8-72A4A6097235}.AppStore|Any CPU.ActiveCfg = AppStore|iPhone
		{5BCB5BB5-3058-4B64-9BF8-72A4A6097235}.AppStore|ARM.ActiveCfg = AppStore|iPhone
		{5BCB5BB5-3058-4B64-9BF8-72A4A6097235}.AppStore|iPhone.ActiveCfg = AppStore|iPhone
		{5BCB5BB5-3058-4B64-9BF8-72A4A6097235}.AppStore|iPhone.Build.0 = AppStore|iPhone
		{5BCB5BB5-3058-4B64-9BF8-72A4A6097235}.AppStore|iPhoneSimulator.ActiveCfg = AppStore|iPhoneSimulator
		{5BCB5BB5-3058-4B64-9BF8-72A4A6097235}.AppStore|iPhoneSimulator.Build.0 = AppStore|iPhoneSimulator
		{5BCB5BB5-3058-4B64-9BF8-72A4A6097235}.AppStore|x64.ActiveCfg = AppStore|iPhone
		{5BCB5BB5-3058-4B64-9BF8-72A4A6097235}.AppStore|x86.ActiveCfg = AppStore|iPhone
		{5BCB5BB5-3058-4B64-9BF8-72A4A6097235}.Debug|Any CPU.ActiveCfg = Debug|iPhone
		{5BCB5BB5-3058-4B64-9BF8-72A4A6097235}.Debug|Any CPU.Build.0 = Debug|iPhone
		{5BCB5BB5-3058-4B64-9BF8-72A4A6097235}.Debug|ARM.ActiveCfg = Debug|iPhone
		{5BCB5BB5-3058-4B64-9BF8-72A4A6097235}.Debug|iPhone.ActiveCfg = Debug|iPhone
		{5BCB5BB5-3058-4B64-9BF8-72A4A6097235}.Debug|iPhone.Build.0 = Debug|iPhone
		{5BCB5BB5-3058-4B64-9BF8-72A4A6097235}.Debug|iPhoneSimulator.ActiveCfg = Debug|iPhoneSimulator
		{5BCB5BB5-3058-4B64-9BF8-72A4A6097235}.Debug|iPhoneSimulator.Build.0 = Debug|iPhoneSimulator
		{5BCB5BB5-3058-4B64-9BF8-72A4A6097235}.Debug|x64.ActiveCfg = Debug|iPhone
		{5BCB5BB5-3058-4B64-9BF8-72A4A6097235}.Debug|x86.ActiveCfg = Debug|iPhone
		{5BCB5BB5-3058-4B64-9BF8-72A4A6097235}.Release|Any CPU.ActiveCfg = Release|iPhone
		{5BCB5BB5-3058-4B64-9BF8-72A4A6097235}.Release|ARM.ActiveCfg = Release|iPhone
		{5BCB5BB5-3058-4B64-9BF8-72A4A6097235}.Release|iPhone.ActiveCfg = Release|iPhone
		{5BCB5BB5-3058-4B64-9BF8-72A4A6097235}.Release|iPhone.Build.0 = Release|iPhone
		{5BCB5BB5-3058-4B64-9BF8-72A4A6097235}.Release|iPhoneSimulator.ActiveCfg = Release|iPhoneSimulator
		{5BCB5BB5-3058-4B64-9BF8-72A4A6097235}.Release|iPhoneSimulator.Build.0 = Release|iPhoneSimulator
		{5BCB5BB5-3058-4B64-9BF8-72A4A6097235}.Release|x64.ActiveCfg = Release|iPhone
		{5BCB5BB5-3058-4B64-9BF8-72A4A6097235}.Release|x86.ActiveCfg = Release|iPhone
		{6B2FDA2C-A4C8-463D-A2B4-0CB06018C0E5}.Ad-Hoc|Any CPU.ActiveCfg = Release|x86
		{6B2FDA2C-A4C8-463D-A2B4-0CB06018C0E5}.Ad-Hoc|Any CPU.Build.0 = Release|x86
		{6B2FDA2C-A4C8-463D-A2B4-0CB06018C0E5}.Ad-Hoc|Any CPU.Deploy.0 = Release|x86
		{6B2FDA2C-A4C8-463D-A2B4-0CB06018C0E5}.Ad-Hoc|ARM.ActiveCfg = Release|ARM
		{6B2FDA2C-A4C8-463D-A2B4-0CB06018C0E5}.Ad-Hoc|ARM.Build.0 = Release|ARM
		{6B2FDA2C-A4C8-463D-A2B4-0CB06018C0E5}.Ad-Hoc|ARM.Deploy.0 = Release|ARM
		{6B2FDA2C-A4C8-463D-A2B4-0CB06018C0E5}.Ad-Hoc|iPhone.ActiveCfg = Release|x86
		{6B2FDA2C-A4C8-463D-A2B4-0CB06018C0E5}.Ad-Hoc|iPhone.Build.0 = Release|x86
		{6B2FDA2C-A4C8-463D-A2B4-0CB06018C0E5}.Ad-Hoc|iPhone.Deploy.0 = Release|x86
		{6B2FDA2C-A4C8-463D-A2B4-0CB06018C0E5}.Ad-Hoc|iPhoneSimulator.ActiveCfg = Release|x86
		{6B2FDA2C-A4C8-463D-A2B4-0CB06018C0E5}.Ad-Hoc|iPhoneSimulator.Build.0 = Release|x86
		{6B2FDA2C-A4C8-463D-A2B4-0CB06018C0E5}.Ad-Hoc|iPhoneSimulator.Deploy.0 = Release|x86
		{6B2FDA2C-A4C8-463D-A2B4-0CB06018C0E5}.Ad-Hoc|x64.ActiveCfg = Release|x64
		{6B2FDA2C-A4C8-463D-A2B4-0CB06018C0E5}.Ad-Hoc|x64.Build.0 = Release|x64
		{6B2FDA2C-A4C8-463D-A2B4-0CB06018C0E5}.Ad-Hoc|x64.Deploy.0 = Release|x64
		{6B2FDA2C-A4C8-463D-A2B4-0CB06018C0E5}.Ad-Hoc|x86.ActiveCfg = Release|x86
		{6B2FDA2C-A4C8-463D-A2B4-0CB06018C0E5}.Ad-Hoc|x86.Build.0 = Release|x86
		{6B2FDA2C-A4C8-463D-A2B4-0CB06018C0E5}.Ad-Hoc|x86.Deploy.0 = Release|x86
		{6B2FDA2C-A4C8-463D-A2B4-0CB06018C0E5}.AppStore|Any CPU.ActiveCfg = Release|x86
		{6B2FDA2C-A4C8-463D-A2B4-0CB06018C0E5}.AppStore|Any CPU.Build.0 = Release|x86
		{6B2FDA2C-A4C8-463D-A2B4-0CB06018C0E5}.AppStore|Any CPU.Deploy.0 = Release|x86
		{6B2FDA2C-A4C8-463D-A2B4-0CB06018C0E5}.AppStore|ARM.ActiveCfg = Release|ARM
		{6B2FDA2C-A4C8-463D-A2B4-0CB06018C0E5}.AppStore|ARM.Build.0 = Release|ARM
		{6B2FDA2C-A4C8-463D-A2B4-0CB06018C0E5}.AppStore|ARM.Deploy.0 = Release|ARM
		{6B2FDA2C-A4C8-463D-A2B4-0CB06018C0E5}.AppStore|iPhone.ActiveCfg = Release|x86
		{6B2FDA2C-A4C8-463D-A2B4-0CB06018C0E5}.AppStore|iPhone.Build.0 = Release|x86
		{6B2FDA2C-A4C8-463D-A2B4-0CB06018C0E5}.AppStore|iPhone.Deploy.0 = Release|x86
		{6B2FDA2C-A4C8-463D-A2B4-0CB06018C0E5}.AppStore|iPhoneSimulator.ActiveCfg = Release|x86
		{6B2FDA2C-A4C8-463D-A2B4-0CB06018C0E5}.AppStore|iPhoneSimulator.Build.0 = Release|x86
		{6B2FDA2C-A4C8-463D-A2B4-0CB06018C0E5}.AppStore|iPhoneSimulator.Deploy.0 = Release|x86
		{6B2FDA2C-A4C8-463D-A2B4-0CB06018C0E5}.AppStore|x64.ActiveCfg = Release|x64
		{6B2FDA2C-A4C8-463D-A2B4-0CB06018C0E5}.AppStore|x64.Build.0 = Release|x64
		{6B2FDA2C-A4C8-463D-A2B4-0CB06018C0E5}.AppStore|x64.Deploy.0 = Release|x64
		{6B2FDA2C-A4C8-463D-A2B4-0CB06018C0E5}.AppStore|x86.ActiveCfg = Release|x86
		{6B2FDA2C-A4C8-463D-A2B4-0CB06018C0E5}.AppStore|x86.Build.0 = Release|x86
		{6B2FDA2C-A4C8-463D-A2B4-0CB06018C0E5}.AppStore|x86.Deploy.0 = Release|x86
		{6B2FDA2C-A4C8-463D-A2B4-0CB06018C0E5}.Debug|Any CPU.ActiveCfg = Debug|x86
		{6B2FDA2C-A4C8-463D-A2B4-0CB06018C0E5}.Debug|Any CPU.Build.0 = Debug|x86
		{6B2FDA2C-A4C8-463D-A2B4-0CB06018C0E5}.Debug|ARM.ActiveCfg = Debug|ARM
		{6B2FDA2C-A4C8-463D-A2B4-0CB06018C0E5}.Debug|ARM.Build.0 = Debug|ARM
		{6B2FDA2C-A4C8-463D-A2B4-0CB06018C0E5}.Debug|ARM.Deploy.0 = Debug|ARM
		{6B2FDA2C-A4C8-463D-A2B4-0CB06018C0E5}.Debug|iPhone.ActiveCfg = Debug|x86
		{6B2FDA2C-A4C8-463D-A2B4-0CB06018C0E5}.Debug|iPhoneSimulator.ActiveCfg = Debug|x86
		{6B2FDA2C-A4C8-463D-A2B4-0CB06018C0E5}.Debug|x64.ActiveCfg = Debug|x64
		{6B2FDA2C-A4C8-463D-A2B4-0CB06018C0E5}.Debug|x64.Build.0 = Debug|x64
		{6B2FDA2C-A4C8-463D-A2B4-0CB06018C0E5}.Debug|x64.Deploy.0 = Debug|x64
		{6B2FDA2C-A4C8-463D-A2B4-0CB06018C0E5}.Debug|x86.ActiveCfg = Debug|x86
		{6B2FDA2C-A4C8-463D-A2B4-0CB06018C0E5}.Debug|x86.Build.0 = Debug|x86
		{6B2FDA2C-A4C8-463D-A2B4-0CB06018C0E5}.Debug|x86.Deploy.0 = Debug|x86
		{6B2FDA2C-A4C8-463D-A2B4-0CB06018C0E5}.Release|Any CPU.ActiveCfg = Release|x86
		{6B2FDA2C-A4C8-463D-A2B4-0CB06018C0E5}.Release|ARM.ActiveCfg = Release|ARM
		{6B2FDA2C-A4C8-463D-A2B4-0CB06018C0E5}.Release|ARM.Build.0 = Release|ARM
		{6B2FDA2C-A4C8-463D-A2B4-0CB06018C0E5}.Release|ARM.Deploy.0 = Release|ARM
		{6B2FDA2C-A4C8-463D-A2B4-0CB06018C0E5}.Release|iPhone.ActiveCfg = Release|x86
		{6B2FDA2C-A4C8-463D-A2B4-0CB06018C0E5}.Release|iPhoneSimulator.ActiveCfg = Release|x86
		{6B2FDA2C-A4C8-463D-A2B4-0CB06018C0E5}.Release|x64.ActiveCfg = Release|x64
		{6B2FDA2C-A4C8-463D-A2B4-0CB06018C0E5}.Release|x64.Build.0 = Release|x64
		{6B2FDA2C-A4C8-463D-A2B4-0CB06018C0E5}.Release|x64.Deploy.0 = Release|x64
		{6B2FDA2C-A4C8-463D-A2B4-0CB06018C0E5}.Release|x86.ActiveCfg = Release|x86
		{6B2FDA2C-A4C8-463D-A2B4-0CB06018C0E5}.Release|x86.Build.0 = Release|x86
		{6B2FDA2C-A4C8-463D-A2B4-0CB06018C0E5}.Release|x86.Deploy.0 = Release|x86
	EndGlobalSection
	GlobalSection(SolutionProperties) = preSolution
		HideSolutionNode = FALSE
	EndGlobalSection
EndGlobal
